
Microsoft Visual Studio Solution File, Format Version 12.00
# Visual Studio Version 17
VisualStudioVersion = 17.9.34723.18
MinimumVisualStudioVersion = 10.0.40219.1
Project("{FAE04EC0-301F-11D3-BF4B-00C04F79EFBC}") = "Minecraft", "Minecraft.csproj", "{226F84E8-5D59-44C4-B25D-28EBFD3FB95A}"
EndProject
Global
	GlobalSection(SolutionConfigurationPlatforms) = preSolution
		Debug|Any CPU = Debug|Any CPU
		Release|Any CPU = Release|Any CPU
	EndGlobalSection
	GlobalSection(ProjectConfigurationPlatforms) = postSolution
		{226F84E8-5D59-44C4-B25D-28EBFD3FB95A}.Debug|Any CPU.ActiveCfg = Debug|Any CPU
		{226F84E8-5D59-44C4-B25D-28EBFD3FB95A}.Debug|Any CPU.Build.0 = Debug|Any CPU
		{226F84E8-5D59-44C4-B25D-28EBFD3FB95A}.Release|Any CPU.ActiveCfg = Release|Any CPU
		{226F84E8-5D59-44C4-B25D-28EBFD3FB95A}.Release|Any CPU.Build.0 = Release|Any CPU
	EndGlobalSection
	GlobalSection(SolutionProperties) = preSolution
		HideSolutionNode = FALSE
	EndGlobalSection
	GlobalSection(ExtensibilityGlobals) = postSolution
		SolutionGuid = {1C1993D2-465E-49EA-9038-7C69EB025DB9}
	EndGlobalSection
EndGlobal
